
Microsoft Visual Studio Solution File, Format Version 12.00
# Visual Studio Version 17
VisualStudioVersion = 17.10.35013.160
MinimumVisualStudioVersion = 10.0.40219.1
Project("{FAE04EC0-301F-11D3-BF4B-00C04F79EFBC}") = "Biblioteca", "Biblioteca\Biblioteca.csproj", "{65B898A2-A423-4498-83C3-0EED07AFF018}"
EndProject
Project("{FAE04EC0-301F-11D3-BF4B-00C04F79EFBC}") = "Servidor", "Servidor\Servidor.csproj", "{2DC21EE4-10B7-4EC8-950C-341BF42FD56F}"
EndProject
Project("{FAE04EC0-301F-11D3-BF4B-00C04F79EFBC}") = "DOP", "DOP\DOP.csproj", "{DF13C391-04C1-45E1-8815-69F51CCEFE8C}"
EndProject
Project("{FAE04EC0-301F-11D3-BF4B-00C04F79EFBC}") = "Backend", "Backend\Backend.csproj", "{2B9C5743-9873-4637-B776-BB36DC2670D6}"
EndProject
Global
	GlobalSection(SolutionConfigurationPlatforms) = preSolution
		Debug|Any CPU = Debug|Any CPU
		Release|Any CPU = Release|Any CPU
	EndGlobalSection
	GlobalSection(ProjectConfigurationPlatforms) = postSolution
		{65B898A2-A423-4498-83C3-0EED07AFF018}.Debug|Any CPU.ActiveCfg = Debug|Any CPU
		{65B898A2-A423-4498-83C3-0EED07AFF018}.Debug|Any CPU.Build.0 = Debug|Any CPU
		{65B898A2-A423-4498-83C3-0EED07AFF018}.Release|Any CPU.ActiveCfg = Release|Any CPU
		{65B898A2-A423-4498-83C3-0EED07AFF018}.Release|Any CPU.Build.0 = Release|Any CPU
		{2DC21EE4-10B7-4EC8-950C-341BF42FD56F}.Debug|Any CPU.ActiveCfg = Debug|Any CPU
		{2DC21EE4-10B7-4EC8-950C-341BF42FD56F}.Debug|Any CPU.Build.0 = Debug|Any CPU
		{2DC21EE4-10B7-4EC8-950C-341BF42FD56F}.Release|Any CPU.ActiveCfg = Release|Any CPU
		{2DC21EE4-10B7-4EC8-950C-341BF42FD56F}.Release|Any CPU.Build.0 = Release|Any CPU
		{DF13C391-04C1-45E1-8815-69F51CCEFE8C}.Debug|Any CPU.ActiveCfg = Debug|Any CPU
		{DF13C391-04C1-45E1-8815-69F51CCEFE8C}.Debug|Any CPU.Build.0 = Debug|Any CPU
		{DF13C391-04C1-45E1-8815-69F51CCEFE8C}.Release|Any CPU.ActiveCfg = Release|Any CPU
		{DF13C391-04C1-45E1-8815-69F51CCEFE8C}.Release|Any CPU.Build.0 = Release|Any CPU
		{2B9C5743-9873-4637-B776-BB36DC2670D6}.Debug|Any CPU.ActiveCfg = Debug|Any CPU
		{2B9C5743-9873-4637-B776-BB36DC2670D6}.Debug|Any CPU.Build.0 = Debug|Any CPU
		{2B9C5743-9873-4637-B776-BB36DC2670D6}.Release|Any CPU.ActiveCfg = Release|Any CPU
		{2B9C5743-9873-4637-B776-BB36DC2670D6}.Release|Any CPU.Build.0 = Release|Any CPU
	EndGlobalSection
	GlobalSection(SolutionProperties) = preSolution
		HideSolutionNode = FALSE
	EndGlobalSection
	GlobalSection(ExtensibilityGlobals) = postSolution
		SolutionGuid = {21B0405E-78A6-411F-8C05-EFD4263587B1}
	EndGlobalSection
EndGlobal
