
Microsoft Visual Studio Solution File, Format Version 12.00
# Visual Studio Version 17
VisualStudioVersion = 17.10.35013.160
MinimumVisualStudioVersion = 10.0.40219.1
Project("{FAE04EC0-301F-11D3-BF4B-00C04F79EFBC}") = "Biblioteca", "Biblioteca\Biblioteca.csproj", "{65B898A2-A423-4498-83C3-0EED07AFF018}"
EndProject
Project("{FAE04EC0-301F-11D3-BF4B-00C04F79EFBC}") = "Servidor", "Servidor\Servidor.csproj", "{2DC21EE4-10B7-4EC8-950C-341BF42FD56F}"
EndProject
Project("{FAE04EC0-301F-11D3-BF4B-00C04F79EFBC}") = "DOP", "DOP\DOP.csproj", "{DF13C391-04C1-45E1-8815-69F51CCEFE8C}"
EndProject
Project("{FAE04EC0-301F-11D3-BF4B-00C04F79EFBC}") = "Backend", "Backend\Backend.csproj", "{2B9C5743-9873-4637-B776-BB36DC2670D6}"
EndProject
Project("{FAE04EC0-301F-11D3-BF4B-00C04F79EFBC}") = "Instalador", "Instalador\Instalador.csproj", "{B210C4A1-3E23-424C-9582-D1F1558F70BE}"
EndProject
Project("{FAE04EC0-301F-11D3-BF4B-00C04F79EFBC}") = "InstaladorDataObra", "InstaladorDataObra\InstaladorDataObra.csproj", "{A25BDB05-82D6-40EA-A7E6-4F74A6E9010B}"
EndProject
Global
	GlobalSection(SolutionConfigurationPlatforms) = preSolution
		Debug|Any CPU = Debug|Any CPU
		Debug|ARM = Debug|ARM
		Debug|ARM64 = Debug|ARM64
		Debug|x64 = Debug|x64
		Debug|x86 = Debug|x86
		Release|Any CPU = Release|Any CPU
		Release|ARM = Release|ARM
		Release|ARM64 = Release|ARM64
		Release|x64 = Release|x64
		Release|x86 = Release|x86
	EndGlobalSection
	GlobalSection(ProjectConfigurationPlatforms) = postSolution
		{65B898A2-A423-4498-83C3-0EED07AFF018}.Debug|Any CPU.ActiveCfg = Debug|Any CPU
		{65B898A2-A423-4498-83C3-0EED07AFF018}.Debug|Any CPU.Build.0 = Debug|Any CPU
		{65B898A2-A423-4498-83C3-0EED07AFF018}.Debug|ARM.ActiveCfg = Debug|Any CPU
		{65B898A2-A423-4498-83C3-0EED07AFF018}.Debug|ARM.Build.0 = Debug|Any CPU
		{65B898A2-A423-4498-83C3-0EED07AFF018}.Debug|ARM64.ActiveCfg = Debug|Any CPU
		{65B898A2-A423-4498-83C3-0EED07AFF018}.Debug|ARM64.Build.0 = Debug|Any CPU
		{65B898A2-A423-4498-83C3-0EED07AFF018}.Debug|x64.ActiveCfg = Debug|Any CPU
		{65B898A2-A423-4498-83C3-0EED07AFF018}.Debug|x64.Build.0 = Debug|Any CPU
		{65B898A2-A423-4498-83C3-0EED07AFF018}.Debug|x86.ActiveCfg = Debug|Any CPU
		{65B898A2-A423-4498-83C3-0EED07AFF018}.Debug|x86.Build.0 = Debug|Any CPU
		{65B898A2-A423-4498-83C3-0EED07AFF018}.Release|Any CPU.ActiveCfg = Release|Any CPU
		{65B898A2-A423-4498-83C3-0EED07AFF018}.Release|Any CPU.Build.0 = Release|Any CPU
		{65B898A2-A423-4498-83C3-0EED07AFF018}.Release|ARM.ActiveCfg = Release|Any CPU
		{65B898A2-A423-4498-83C3-0EED07AFF018}.Release|ARM.Build.0 = Release|Any CPU
		{65B898A2-A423-4498-83C3-0EED07AFF018}.Release|ARM64.ActiveCfg = Release|Any CPU
		{65B898A2-A423-4498-83C3-0EED07AFF018}.Release|ARM64.Build.0 = Release|Any CPU
		{65B898A2-A423-4498-83C3-0EED07AFF018}.Release|x64.ActiveCfg = Release|Any CPU
		{65B898A2-A423-4498-83C3-0EED07AFF018}.Release|x64.Build.0 = Release|Any CPU
		{65B898A2-A423-4498-83C3-0EED07AFF018}.Release|x86.ActiveCfg = Release|Any CPU
		{65B898A2-A423-4498-83C3-0EED07AFF018}.Release|x86.Build.0 = Release|Any CPU
		{2DC21EE4-10B7-4EC8-950C-341BF42FD56F}.Debug|Any CPU.ActiveCfg = Debug|Any CPU
		{2DC21EE4-10B7-4EC8-950C-341BF42FD56F}.Debug|Any CPU.Build.0 = Debug|Any CPU
		{2DC21EE4-10B7-4EC8-950C-341BF42FD56F}.Debug|ARM.ActiveCfg = Debug|Any CPU
		{2DC21EE4-10B7-4EC8-950C-341BF42FD56F}.Debug|ARM.Build.0 = Debug|Any CPU
		{2DC21EE4-10B7-4EC8-950C-341BF42FD56F}.Debug|ARM64.ActiveCfg = Debug|Any CPU
		{2DC21EE4-10B7-4EC8-950C-341BF42FD56F}.Debug|ARM64.Build.0 = Debug|Any CPU
		{2DC21EE4-10B7-4EC8-950C-341BF42FD56F}.Debug|x64.ActiveCfg = Debug|Any CPU
		{2DC21EE4-10B7-4EC8-950C-341BF42FD56F}.Debug|x64.Build.0 = Debug|Any CPU
		{2DC21EE4-10B7-4EC8-950C-341BF42FD56F}.Debug|x86.ActiveCfg = Debug|Any CPU
		{2DC21EE4-10B7-4EC8-950C-341BF42FD56F}.Debug|x86.Build.0 = Debug|Any CPU
		{2DC21EE4-10B7-4EC8-950C-341BF42FD56F}.Release|Any CPU.ActiveCfg = Release|Any CPU
		{2DC21EE4-10B7-4EC8-950C-341BF42FD56F}.Release|Any CPU.Build.0 = Release|Any CPU
		{2DC21EE4-10B7-4EC8-950C-341BF42FD56F}.Release|ARM.ActiveCfg = Release|Any CPU
		{2DC21EE4-10B7-4EC8-950C-341BF42FD56F}.Release|ARM.Build.0 = Release|Any CPU
		{2DC21EE4-10B7-4EC8-950C-341BF42FD56F}.Release|ARM64.ActiveCfg = Release|Any CPU
		{2DC21EE4-10B7-4EC8-950C-341BF42FD56F}.Release|ARM64.Build.0 = Release|Any CPU
		{2DC21EE4-10B7-4EC8-950C-341BF42FD56F}.Release|x64.ActiveCfg = Release|Any CPU
		{2DC21EE4-10B7-4EC8-950C-341BF42FD56F}.Release|x64.Build.0 = Release|Any CPU
		{2DC21EE4-10B7-4EC8-950C-341BF42FD56F}.Release|x86.ActiveCfg = Release|Any CPU
		{2DC21EE4-10B7-4EC8-950C-341BF42FD56F}.Release|x86.Build.0 = Release|Any CPU
		{DF13C391-04C1-45E1-8815-69F51CCEFE8C}.Debug|Any CPU.ActiveCfg = Debug|Any CPU
		{DF13C391-04C1-45E1-8815-69F51CCEFE8C}.Debug|Any CPU.Build.0 = Debug|Any CPU
		{DF13C391-04C1-45E1-8815-69F51CCEFE8C}.Debug|ARM.ActiveCfg = Debug|Any CPU
		{DF13C391-04C1-45E1-8815-69F51CCEFE8C}.Debug|ARM.Build.0 = Debug|Any CPU
		{DF13C391-04C1-45E1-8815-69F51CCEFE8C}.Debug|ARM64.ActiveCfg = Debug|Any CPU
		{DF13C391-04C1-45E1-8815-69F51CCEFE8C}.Debug|ARM64.Build.0 = Debug|Any CPU
		{DF13C391-04C1-45E1-8815-69F51CCEFE8C}.Debug|x64.ActiveCfg = Debug|Any CPU
		{DF13C391-04C1-45E1-8815-69F51CCEFE8C}.Debug|x64.Build.0 = Debug|Any CPU
		{DF13C391-04C1-45E1-8815-69F51CCEFE8C}.Debug|x86.ActiveCfg = Debug|Any CPU
		{DF13C391-04C1-45E1-8815-69F51CCEFE8C}.Debug|x86.Build.0 = Debug|Any CPU
		{DF13C391-04C1-45E1-8815-69F51CCEFE8C}.Release|Any CPU.ActiveCfg = Release|Any CPU
		{DF13C391-04C1-45E1-8815-69F51CCEFE8C}.Release|Any CPU.Build.0 = Release|Any CPU
		{DF13C391-04C1-45E1-8815-69F51CCEFE8C}.Release|ARM.ActiveCfg = Release|Any CPU
		{DF13C391-04C1-45E1-8815-69F51CCEFE8C}.Release|ARM.Build.0 = Release|Any CPU
		{DF13C391-04C1-45E1-8815-69F51CCEFE8C}.Release|ARM64.ActiveCfg = Release|Any CPU
		{DF13C391-04C1-45E1-8815-69F51CCEFE8C}.Release|ARM64.Build.0 = Release|Any CPU
		{DF13C391-04C1-45E1-8815-69F51CCEFE8C}.Release|x64.ActiveCfg = Release|x64
		{DF13C391-04C1-45E1-8815-69F51CCEFE8C}.Release|x64.Build.0 = Release|x64
		{DF13C391-04C1-45E1-8815-69F51CCEFE8C}.Release|x86.ActiveCfg = Release|Any CPU
		{DF13C391-04C1-45E1-8815-69F51CCEFE8C}.Release|x86.Build.0 = Release|Any CPU
		{2B9C5743-9873-4637-B776-BB36DC2670D6}.Debug|Any CPU.ActiveCfg = Debug|Any CPU
		{2B9C5743-9873-4637-B776-BB36DC2670D6}.Debug|Any CPU.Build.0 = Debug|Any CPU
		{2B9C5743-9873-4637-B776-BB36DC2670D6}.Debug|ARM.ActiveCfg = Debug|Any CPU
		{2B9C5743-9873-4637-B776-BB36DC2670D6}.Debug|ARM.Build.0 = Debug|Any CPU
		{2B9C5743-9873-4637-B776-BB36DC2670D6}.Debug|ARM64.ActiveCfg = Debug|Any CPU
		{2B9C5743-9873-4637-B776-BB36DC2670D6}.Debug|ARM64.Build.0 = Debug|Any CPU
		{2B9C5743-9873-4637-B776-BB36DC2670D6}.Debug|x64.ActiveCfg = Debug|Any CPU
		{2B9C5743-9873-4637-B776-BB36DC2670D6}.Debug|x64.Build.0 = Debug|Any CPU
		{2B9C5743-9873-4637-B776-BB36DC2670D6}.Debug|x86.ActiveCfg = Debug|Any CPU
		{2B9C5743-9873-4637-B776-BB36DC2670D6}.Debug|x86.Build.0 = Debug|Any CPU
		{2B9C5743-9873-4637-B776-BB36DC2670D6}.Release|Any CPU.ActiveCfg = Release|Any CPU
		{2B9C5743-9873-4637-B776-BB36DC2670D6}.Release|Any CPU.Build.0 = Release|Any CPU
		{2B9C5743-9873-4637-B776-BB36DC2670D6}.Release|ARM.ActiveCfg = Release|Any CPU
		{2B9C5743-9873-4637-B776-BB36DC2670D6}.Release|ARM.Build.0 = Release|Any CPU
		{2B9C5743-9873-4637-B776-BB36DC2670D6}.Release|ARM64.ActiveCfg = Release|Any CPU
		{2B9C5743-9873-4637-B776-BB36DC2670D6}.Release|ARM64.Build.0 = Release|Any CPU
		{2B9C5743-9873-4637-B776-BB36DC2670D6}.Release|x64.ActiveCfg = Release|Any CPU
		{2B9C5743-9873-4637-B776-BB36DC2670D6}.Release|x64.Build.0 = Release|Any CPU
		{2B9C5743-9873-4637-B776-BB36DC2670D6}.Release|x86.ActiveCfg = Release|Any CPU
		{2B9C5743-9873-4637-B776-BB36DC2670D6}.Release|x86.Build.0 = Release|Any CPU
		{B210C4A1-3E23-424C-9582-D1F1558F70BE}.Debug|Any CPU.ActiveCfg = Debug|Any CPU
		{B210C4A1-3E23-424C-9582-D1F1558F70BE}.Debug|Any CPU.Build.0 = Debug|Any CPU
		{B210C4A1-3E23-424C-9582-D1F1558F70BE}.Debug|ARM.ActiveCfg = Debug|Any CPU
		{B210C4A1-3E23-424C-9582-D1F1558F70BE}.Debug|ARM.Build.0 = Debug|Any CPU
		{B210C4A1-3E23-424C-9582-D1F1558F70BE}.Debug|ARM64.ActiveCfg = Debug|Any CPU
		{B210C4A1-3E23-424C-9582-D1F1558F70BE}.Debug|ARM64.Build.0 = Debug|Any CPU
		{B210C4A1-3E23-424C-9582-D1F1558F70BE}.Debug|x64.ActiveCfg = Debug|Any CPU
		{B210C4A1-3E23-424C-9582-D1F1558F70BE}.Debug|x64.Build.0 = Debug|Any CPU
		{B210C4A1-3E23-424C-9582-D1F1558F70BE}.Debug|x86.ActiveCfg = Debug|Any CPU
		{B210C4A1-3E23-424C-9582-D1F1558F70BE}.Debug|x86.Build.0 = Debug|Any CPU
		{B210C4A1-3E23-424C-9582-D1F1558F70BE}.Release|Any CPU.ActiveCfg = Release|Any CPU
		{B210C4A1-3E23-424C-9582-D1F1558F70BE}.Release|Any CPU.Build.0 = Release|Any CPU
		{B210C4A1-3E23-424C-9582-D1F1558F70BE}.Release|ARM.ActiveCfg = Release|Any CPU
		{B210C4A1-3E23-424C-9582-D1F1558F70BE}.Release|ARM.Build.0 = Release|Any CPU
		{B210C4A1-3E23-424C-9582-D1F1558F70BE}.Release|ARM64.ActiveCfg = Release|Any CPU
		{B210C4A1-3E23-424C-9582-D1F1558F70BE}.Release|ARM64.Build.0 = Release|Any CPU
		{B210C4A1-3E23-424C-9582-D1F1558F70BE}.Release|x64.ActiveCfg = Release|Any CPU
		{B210C4A1-3E23-424C-9582-D1F1558F70BE}.Release|x64.Build.0 = Release|Any CPU
		{B210C4A1-3E23-424C-9582-D1F1558F70BE}.Release|x86.ActiveCfg = Release|Any CPU
		{B210C4A1-3E23-424C-9582-D1F1558F70BE}.Release|x86.Build.0 = Release|Any CPU
		{A25BDB05-82D6-40EA-A7E6-4F74A6E9010B}.Debug|Any CPU.ActiveCfg = Debug|Any CPU
		{A25BDB05-82D6-40EA-A7E6-4F74A6E9010B}.Debug|Any CPU.Build.0 = Debug|Any CPU
		{A25BDB05-82D6-40EA-A7E6-4F74A6E9010B}.Debug|ARM.ActiveCfg = Debug|Any CPU
		{A25BDB05-82D6-40EA-A7E6-4F74A6E9010B}.Debug|ARM.Build.0 = Debug|Any CPU
		{A25BDB05-82D6-40EA-A7E6-4F74A6E9010B}.Debug|ARM64.ActiveCfg = Debug|Any CPU
		{A25BDB05-82D6-40EA-A7E6-4F74A6E9010B}.Debug|ARM64.Build.0 = Debug|Any CPU
		{A25BDB05-82D6-40EA-A7E6-4F74A6E9010B}.Debug|x64.ActiveCfg = Debug|Any CPU
		{A25BDB05-82D6-40EA-A7E6-4F74A6E9010B}.Debug|x64.Build.0 = Debug|Any CPU
		{A25BDB05-82D6-40EA-A7E6-4F74A6E9010B}.Debug|x86.ActiveCfg = Debug|Any CPU
		{A25BDB05-82D6-40EA-A7E6-4F74A6E9010B}.Debug|x86.Build.0 = Debug|Any CPU
		{A25BDB05-82D6-40EA-A7E6-4F74A6E9010B}.Release|Any CPU.ActiveCfg = Release|Any CPU
		{A25BDB05-82D6-40EA-A7E6-4F74A6E9010B}.Release|Any CPU.Build.0 = Release|Any CPU
		{A25BDB05-82D6-40EA-A7E6-4F74A6E9010B}.Release|ARM.ActiveCfg = Release|Any CPU
		{A25BDB05-82D6-40EA-A7E6-4F74A6E9010B}.Release|ARM.Build.0 = Release|Any CPU
		{A25BDB05-82D6-40EA-A7E6-4F74A6E9010B}.Release|ARM64.ActiveCfg = Release|Any CPU
		{A25BDB05-82D6-40EA-A7E6-4F74A6E9010B}.Release|ARM64.Build.0 = Release|Any CPU
		{A25BDB05-82D6-40EA-A7E6-4F74A6E9010B}.Release|x64.ActiveCfg = Release|Any CPU
		{A25BDB05-82D6-40EA-A7E6-4F74A6E9010B}.Release|x64.Build.0 = Release|Any CPU
		{A25BDB05-82D6-40EA-A7E6-4F74A6E9010B}.Release|x86.ActiveCfg = Release|Any CPU
		{A25BDB05-82D6-40EA-A7E6-4F74A6E9010B}.Release|x86.Build.0 = Release|Any CPU
	EndGlobalSection
	GlobalSection(SolutionProperties) = preSolution
		HideSolutionNode = FALSE
	EndGlobalSection
	GlobalSection(ExtensibilityGlobals) = postSolution
		SolutionGuid = {21B0405E-78A6-411F-8C05-EFD4263587B1}
	EndGlobalSection
EndGlobal
